
Microsoft Visual Studio Solution File, Format Version 12.00
# Visual Studio Version 16
VisualStudioVersion = 16.0.30503.244
MinimumVisualStudioVersion = 10.0.40219.1
Project("{FAE04EC0-301F-11D3-BF4B-00C04F79EFBC}") = "WeatherforecastServer", "WeatherforecastServer\WeatherforecastServer.csproj", "{BD7F24A9-8AA1-430D-9D78-BC34F365EC53}"
EndProject
Global
	GlobalSection(SolutionConfigurationPlatforms) = preSolution
		Debug|Any CPU = Debug|Any CPU
		Release|Any CPU = Release|Any CPU
	EndGlobalSection
	GlobalSection(ProjectConfigurationPlatforms) = postSolution
		{BD7F24A9-8AA1-430D-9D78-BC34F365EC53}.Debug|Any CPU.ActiveCfg = Debug|Any CPU
		{BD7F24A9-8AA1-430D-9D78-BC34F365EC53}.Debug|Any CPU.Build.0 = Debug|Any CPU
		{BD7F24A9-8AA1-430D-9D78-BC34F365EC53}.Release|Any CPU.ActiveCfg = Release|Any CPU
		{BD7F24A9-8AA1-430D-9D78-BC34F365EC53}.Release|Any CPU.Build.0 = Release|Any CPU
	EndGlobalSection
	GlobalSection(SolutionProperties) = preSolution
		HideSolutionNode = FALSE
	EndGlobalSection
	GlobalSection(ExtensibilityGlobals) = postSolution
		SolutionGuid = {4EAE1CEB-D2C2-4FA9-A85A-B861177C229C}
	EndGlobalSection
EndGlobal
